
Microsoft Visual Studio Solution File, Format Version 12.00
# Visual Studio Version 17
VisualStudioVersion = 17.9.34622.214
MinimumVisualStudioVersion = 10.0.40219.1
Project("{FAE04EC0-301F-11D3-BF4B-00C04F79EFBC}") = "HotelOpgaveBirk", "HotelOpgaveBirk.csproj", "{AEAA2CF5-AA43-4495-8B02-79828CDCCC0E}"
EndProject
Global
	GlobalSection(SolutionConfigurationPlatforms) = preSolution
		Debug|Any CPU = Debug|Any CPU
		Release|Any CPU = Release|Any CPU
	EndGlobalSection
	GlobalSection(ProjectConfigurationPlatforms) = postSolution
		{AEAA2CF5-AA43-4495-8B02-79828CDCCC0E}.Debug|Any CPU.ActiveCfg = Debug|Any CPU
		{AEAA2CF5-AA43-4495-8B02-79828CDCCC0E}.Debug|Any CPU.Build.0 = Debug|Any CPU
		{AEAA2CF5-AA43-4495-8B02-79828CDCCC0E}.Release|Any CPU.ActiveCfg = Release|Any CPU
		{AEAA2CF5-AA43-4495-8B02-79828CDCCC0E}.Release|Any CPU.Build.0 = Release|Any CPU
	EndGlobalSection
	GlobalSection(SolutionProperties) = preSolution
		HideSolutionNode = FALSE
	EndGlobalSection
	GlobalSection(ExtensibilityGlobals) = postSolution
		SolutionGuid = {D36093B8-14D1-467E-A200-6188A9D8282C}
	EndGlobalSection
EndGlobal
